
Microsoft Visual Studio Solution File, Format Version 12.00
# Visual Studio Version 16
VisualStudioVersion = 16.0.29509.3
MinimumVisualStudioVersion = 10.0.40219.1
Project("{FAE04EC0-301F-11D3-BF4B-00C04F79EFBC}") = "Storage", "Storage\Storage.csproj", "{47240FB7-5D14-41FB-B52A-EDC75F9B06EB}"
EndProject
Global
	GlobalSection(SolutionConfigurationPlatforms) = preSolution
		Debug|Any CPU = Debug|Any CPU
		Release|Any CPU = Release|Any CPU
	EndGlobalSection
	GlobalSection(ProjectConfigurationPlatforms) = postSolution
		{47240FB7-5D14-41FB-B52A-EDC75F9B06EB}.Debug|Any CPU.ActiveCfg = Debug|Any CPU
		{47240FB7-5D14-41FB-B52A-EDC75F9B06EB}.Debug|Any CPU.Build.0 = Debug|Any CPU
		{47240FB7-5D14-41FB-B52A-EDC75F9B06EB}.Release|Any CPU.ActiveCfg = Release|Any CPU
		{47240FB7-5D14-41FB-B52A-EDC75F9B06EB}.Release|Any CPU.Build.0 = Release|Any CPU
	EndGlobalSection
	GlobalSection(SolutionProperties) = preSolution
		HideSolutionNode = FALSE
	EndGlobalSection
	GlobalSection(ExtensibilityGlobals) = postSolution
		SolutionGuid = {5B7276B9-9938-4F3E-994C-551B8089D3CE}
	EndGlobalSection
EndGlobal
